
Microsoft Visual Studio Solution File, Format Version 12.00
# Visual Studio Version 16
VisualStudioVersion = 16.0.31321.278
MinimumVisualStudioVersion = 10.0.40219.1
Project("{9A19103F-16F7-4668-BE54-9A1E7A4F7556}") = "MathLibrary", "MathLibrary.csproj", "{780ADD38-E266-41AC-B00A-4B59141FA37A}"
EndProject
Project("{9A19103F-16F7-4668-BE54-9A1E7A4F7556}") = "Tests", "..\Tests\Tests.csproj", "{EA8869DC-1E46-4063-901F-94605142E073}"
EndProject
Global
	GlobalSection(SolutionConfigurationPlatforms) = preSolution
		Debug|Any CPU = Debug|Any CPU
		Release|Any CPU = Release|Any CPU
	EndGlobalSection
	GlobalSection(ProjectConfigurationPlatforms) = postSolution
		{780ADD38-E266-41AC-B00A-4B59141FA37A}.Debug|Any CPU.ActiveCfg = Debug|Any CPU
		{780ADD38-E266-41AC-B00A-4B59141FA37A}.Debug|Any CPU.Build.0 = Debug|Any CPU
		{780ADD38-E266-41AC-B00A-4B59141FA37A}.Release|Any CPU.ActiveCfg = Release|Any CPU
		{780ADD38-E266-41AC-B00A-4B59141FA37A}.Release|Any CPU.Build.0 = Release|Any CPU
		{EA8869DC-1E46-4063-901F-94605142E073}.Debug|Any CPU.ActiveCfg = Debug|Any CPU
		{EA8869DC-1E46-4063-901F-94605142E073}.Debug|Any CPU.Build.0 = Debug|Any CPU
		{EA8869DC-1E46-4063-901F-94605142E073}.Release|Any CPU.ActiveCfg = Release|Any CPU
		{EA8869DC-1E46-4063-901F-94605142E073}.Release|Any CPU.Build.0 = Release|Any CPU
	EndGlobalSection
	GlobalSection(SolutionProperties) = preSolution
		HideSolutionNode = FALSE
	EndGlobalSection
	GlobalSection(ExtensibilityGlobals) = postSolution
		SolutionGuid = {42D5CC60-3D78-4AC7-9883-E23875C24F5B}
	EndGlobalSection
EndGlobal
